
Microsoft Visual Studio Solution File, Format Version 12.00
# Visual Studio 15
Project("{FAE04EC0-301F-11D3-BF4B-00C04F79EFBC}") = "Assembly-CSharp", "Assembly-CSharp.csproj", "{C63F7A9D-C891-1964-EB1B-331A679DC002}"
EndProject
Project("{FAE04EC0-301F-11D3-BF4B-00C04F79EFBC}") = "SimpleFileBrowser.Runtime", "SimpleFileBrowser.Runtime.csproj", "{50448675-9C14-6320-E984-DEA5C5DFED3D}"
EndProject
Global
	GlobalSection(SolutionConfigurationPlatforms) = preSolution
		Debug|Any CPU = Debug|Any CPU
		Release|Any CPU = Release|Any CPU
	EndGlobalSection
	GlobalSection(ProjectConfigurationPlatforms) = postSolution
		{C63F7A9D-C891-1964-EB1B-331A679DC002}.Debug|Any CPU.ActiveCfg = Debug|Any CPU
		{C63F7A9D-C891-1964-EB1B-331A679DC002}.Debug|Any CPU.Build.0 = Debug|Any CPU
		{C63F7A9D-C891-1964-EB1B-331A679DC002}.Release|Any CPU.ActiveCfg = Release|Any CPU
		{C63F7A9D-C891-1964-EB1B-331A679DC002}.Release|Any CPU.Build.0 = Release|Any CPU
		{50448675-9C14-6320-E984-DEA5C5DFED3D}.Debug|Any CPU.ActiveCfg = Debug|Any CPU
		{50448675-9C14-6320-E984-DEA5C5DFED3D}.Debug|Any CPU.Build.0 = Debug|Any CPU
		{50448675-9C14-6320-E984-DEA5C5DFED3D}.Release|Any CPU.ActiveCfg = Release|Any CPU
		{50448675-9C14-6320-E984-DEA5C5DFED3D}.Release|Any CPU.Build.0 = Release|Any CPU
	EndGlobalSection
	GlobalSection(SolutionProperties) = preSolution
		HideSolutionNode = FALSE
	EndGlobalSection
EndGlobal
